
Microsoft Visual Studio Solution File, Format Version 12.00
# Visual Studio Version 17
VisualStudioVersion = 17.4.33213.308
MinimumVisualStudioVersion = 10.0.40219.1
Project("{2150E333-8FDC-42A3-9474-1A3956D46DE8}") = "Tests", "Tests", "{AC541295-C72B-403A-B30D-26547ED52593}"
EndProject
Project("{2150E333-8FDC-42A3-9474-1A3956D46DE8}") = "Solution Items", "Solution Items", "{DE99D4B8-E5BD-444E-BBE1-7A12F7A2B648}"
	ProjectSection(SolutionItems) = preProject
		.editorconfig = .editorconfig
		.gitignore = .gitignore
		.gitlab-ci.yml = .gitlab-ci.yml
		CHANGELOG.md = CHANGELOG.md
		LICENSE = LICENSE
		README.md = README.md
	EndProjectSection
EndProject
Project("{9A19103F-16F7-4668-BE54-9A1E7A4F7556}") = "UbiqSecurity.Tests", "tests\UbiqSecurity.Tests\UbiqSecurity.Tests.csproj", "{0D007AEA-9A44-4F86-9AF8-1CCD9F660541}"
EndProject
Project("{9A19103F-16F7-4668-BE54-9A1E7A4F7556}") = "UbiqSecurity", "src\UbiqSecurity\UbiqSecurity.csproj", "{1CAAEEBB-9BB4-4549-B05B-83E0D0F7E9FD}"
EndProject
Global
	GlobalSection(SolutionConfigurationPlatforms) = preSolution
		Debug|Any CPU = Debug|Any CPU
		Release|Any CPU = Release|Any CPU
	EndGlobalSection
	GlobalSection(ProjectConfigurationPlatforms) = postSolution
		{0D007AEA-9A44-4F86-9AF8-1CCD9F660541}.Debug|Any CPU.ActiveCfg = Debug|Any CPU
		{0D007AEA-9A44-4F86-9AF8-1CCD9F660541}.Debug|Any CPU.Build.0 = Debug|Any CPU
		{0D007AEA-9A44-4F86-9AF8-1CCD9F660541}.Release|Any CPU.ActiveCfg = Release|Any CPU
		{0D007AEA-9A44-4F86-9AF8-1CCD9F660541}.Release|Any CPU.Build.0 = Release|Any CPU
		{1CAAEEBB-9BB4-4549-B05B-83E0D0F7E9FD}.Debug|Any CPU.ActiveCfg = Debug|Any CPU
		{1CAAEEBB-9BB4-4549-B05B-83E0D0F7E9FD}.Debug|Any CPU.Build.0 = Debug|Any CPU
		{1CAAEEBB-9BB4-4549-B05B-83E0D0F7E9FD}.Release|Any CPU.ActiveCfg = Release|Any CPU
		{1CAAEEBB-9BB4-4549-B05B-83E0D0F7E9FD}.Release|Any CPU.Build.0 = Release|Any CPU
	EndGlobalSection
	GlobalSection(SolutionProperties) = preSolution
		HideSolutionNode = FALSE
	EndGlobalSection
	GlobalSection(NestedProjects) = preSolution
		{0D007AEA-9A44-4F86-9AF8-1CCD9F660541} = {AC541295-C72B-403A-B30D-26547ED52593}
	EndGlobalSection
	GlobalSection(ExtensibilityGlobals) = postSolution
		SolutionGuid = {D3717A7F-7186-4086-9780-9F719FC40D86}
	EndGlobalSection
EndGlobal
