
Microsoft Visual Studio Solution File, Format Version 12.00
# Visual Studio Version 16
VisualStudioVersion = 16.0.30413.136
MinimumVisualStudioVersion = 10.0.40219.1
Project("{9A19103F-16F7-4668-BE54-9A1E7A4F7556}") = "UbiqSecurity", "UbiqSecurity\UbiqSecurity.csproj", "{2CD0CCDE-A0F9-424F-AD37-97AE87B724F0}"
EndProject
Project("{FAE04EC0-301F-11D3-BF4B-00C04F79EFBC}") = "WinConsole", "WinConsole\WinConsole.csproj", "{B01EE41B-7598-43D5-A6A2-257DEC2E47F9}"
EndProject
Project("{FAE04EC0-301F-11D3-BF4B-00C04F79EFBC}") = "CoreConsole", "CoreConsole\CoreConsole.csproj", "{A2032A91-6023-4B67-AA15-D3E943BA5201}"
EndProject
Global
	GlobalSection(SolutionConfigurationPlatforms) = preSolution
		Debug|Any CPU = Debug|Any CPU
		Release|Any CPU = Release|Any CPU
	EndGlobalSection
	GlobalSection(ProjectConfigurationPlatforms) = postSolution
		{2CD0CCDE-A0F9-424F-AD37-97AE87B724F0}.Debug|Any CPU.ActiveCfg = Debug|Any CPU
		{2CD0CCDE-A0F9-424F-AD37-97AE87B724F0}.Debug|Any CPU.Build.0 = Debug|Any CPU
		{2CD0CCDE-A0F9-424F-AD37-97AE87B724F0}.Release|Any CPU.ActiveCfg = Release|Any CPU
		{2CD0CCDE-A0F9-424F-AD37-97AE87B724F0}.Release|Any CPU.Build.0 = Release|Any CPU
		{B01EE41B-7598-43D5-A6A2-257DEC2E47F9}.Debug|Any CPU.ActiveCfg = Debug|Any CPU
		{B01EE41B-7598-43D5-A6A2-257DEC2E47F9}.Debug|Any CPU.Build.0 = Debug|Any CPU
		{B01EE41B-7598-43D5-A6A2-257DEC2E47F9}.Release|Any CPU.ActiveCfg = Release|Any CPU
		{B01EE41B-7598-43D5-A6A2-257DEC2E47F9}.Release|Any CPU.Build.0 = Release|Any CPU
		{A2032A91-6023-4B67-AA15-D3E943BA5201}.Debug|Any CPU.ActiveCfg = Debug|Any CPU
		{A2032A91-6023-4B67-AA15-D3E943BA5201}.Debug|Any CPU.Build.0 = Debug|Any CPU
		{A2032A91-6023-4B67-AA15-D3E943BA5201}.Release|Any CPU.ActiveCfg = Release|Any CPU
		{A2032A91-6023-4B67-AA15-D3E943BA5201}.Release|Any CPU.Build.0 = Release|Any CPU
	EndGlobalSection
	GlobalSection(SolutionProperties) = preSolution
		HideSolutionNode = FALSE
	EndGlobalSection
	GlobalSection(ExtensibilityGlobals) = postSolution
		SolutionGuid = {D3717A7F-7186-4086-9780-9F719FC40D86}
	EndGlobalSection
EndGlobal
